
Microsoft Visual Studio Solution File, Format Version 12.00
# Visual Studio Version 16
VisualStudioVersion = 16.0.29709.97
MinimumVisualStudioVersion = 10.0.40219.1
Project("{FAE04EC0-301F-11D3-BF4B-00C04F79EFBC}") = "StopTime", "StopTime\StopTime.csproj", "{47B59624-2EB8-48B3-B2B5-6C6679AE7B51}"
EndProject
Global
	GlobalSection(SolutionConfigurationPlatforms) = preSolution
		Debug|Any CPU = Debug|Any CPU
		Release|Any CPU = Release|Any CPU
	EndGlobalSection
	GlobalSection(ProjectConfigurationPlatforms) = postSolution
		{47B59624-2EB8-48B3-B2B5-6C6679AE7B51}.Debug|Any CPU.ActiveCfg = Debug|Any CPU
		{47B59624-2EB8-48B3-B2B5-6C6679AE7B51}.Debug|Any CPU.Build.0 = Debug|Any CPU
		{47B59624-2EB8-48B3-B2B5-6C6679AE7B51}.Release|Any CPU.ActiveCfg = Release|Any CPU
		{47B59624-2EB8-48B3-B2B5-6C6679AE7B51}.Release|Any CPU.Build.0 = Release|Any CPU
	EndGlobalSection
	GlobalSection(SolutionProperties) = preSolution
		HideSolutionNode = FALSE
	EndGlobalSection
	GlobalSection(ExtensibilityGlobals) = postSolution
		SolutionGuid = {4E951770-E67B-457A-97CB-CAC1ECE6B85F}
	EndGlobalSection
EndGlobal
